
Microsoft Visual Studio Solution File, Format Version 12.00
# Visual Studio 15
Project("{FAE04EC0-301F-11D3-BF4B-00C04F79EFBC}") = "GC_Lab21_MovieRegistration", "GC_Lab21_MovieRegistration\GC_Lab21_MovieRegistration.csproj", "{C7D0DCE5-BF5B-498A-AC1C-8C14609118D5}"
EndProject
Global
	GlobalSection(SolutionConfigurationPlatforms) = preSolution
		Debug|Any CPU = Debug|Any CPU
		Release|Any CPU = Release|Any CPU
	EndGlobalSection
	GlobalSection(ProjectConfigurationPlatforms) = postSolution
		{C7D0DCE5-BF5B-498A-AC1C-8C14609118D5}.Debug|Any CPU.ActiveCfg = Debug|Any CPU
		{C7D0DCE5-BF5B-498A-AC1C-8C14609118D5}.Debug|Any CPU.Build.0 = Debug|Any CPU
		{C7D0DCE5-BF5B-498A-AC1C-8C14609118D5}.Release|Any CPU.ActiveCfg = Release|Any CPU
		{C7D0DCE5-BF5B-498A-AC1C-8C14609118D5}.Release|Any CPU.Build.0 = Release|Any CPU
	EndGlobalSection
EndGlobal
